
Microsoft Visual Studio Solution File, Format Version 12.00
# Visual Studio Version 17
VisualStudioVersion = 17.4.33110.190
MinimumVisualStudioVersion = 10.0.40219.1
Project("{FAE04EC0-301F-11D3-BF4B-00C04F79EFBC}") = "WordsAPI", "WordsAPI\WordsAPI.csproj", "{8E76EC2B-E9B7-4696-9DE2-10FF133AE46E}"
EndProject
Project("{FAE04EC0-301F-11D3-BF4B-00C04F79EFBC}") = "Data", "Data\Data.csproj", "{74ECBAD7-4FA4-4064-B5D5-1F34C5633B9C}"
EndProject
Global
	GlobalSection(SolutionConfigurationPlatforms) = preSolution
		Debug|Any CPU = Debug|Any CPU
		Release|Any CPU = Release|Any CPU
	EndGlobalSection
	GlobalSection(ProjectConfigurationPlatforms) = postSolution
		{8E76EC2B-E9B7-4696-9DE2-10FF133AE46E}.Debug|Any CPU.ActiveCfg = Debug|Any CPU
		{8E76EC2B-E9B7-4696-9DE2-10FF133AE46E}.Debug|Any CPU.Build.0 = Debug|Any CPU
		{8E76EC2B-E9B7-4696-9DE2-10FF133AE46E}.Release|Any CPU.ActiveCfg = Release|Any CPU
		{8E76EC2B-E9B7-4696-9DE2-10FF133AE46E}.Release|Any CPU.Build.0 = Release|Any CPU
		{74ECBAD7-4FA4-4064-B5D5-1F34C5633B9C}.Debug|Any CPU.ActiveCfg = Debug|Any CPU
		{74ECBAD7-4FA4-4064-B5D5-1F34C5633B9C}.Debug|Any CPU.Build.0 = Debug|Any CPU
		{74ECBAD7-4FA4-4064-B5D5-1F34C5633B9C}.Release|Any CPU.ActiveCfg = Release|Any CPU
		{74ECBAD7-4FA4-4064-B5D5-1F34C5633B9C}.Release|Any CPU.Build.0 = Release|Any CPU
	EndGlobalSection
	GlobalSection(SolutionProperties) = preSolution
		HideSolutionNode = FALSE
	EndGlobalSection
	GlobalSection(ExtensibilityGlobals) = postSolution
		SolutionGuid = {FD4A7889-72B4-4950-A5D6-931BF4DD3BE8}
	EndGlobalSection
EndGlobal
