
Microsoft Visual Studio Solution File, Format Version 12.00
# Visual Studio Version 17
VisualStudioVersion = 17.4.33110.190
MinimumVisualStudioVersion = 10.0.40219.1
Project("{9A19103F-16F7-4668-BE54-9A1E7A4F7556}") = "WordsAPI.Core", "WordsAPI.Core\WordsAPI.Core.csproj", "{CF7D1276-0DB6-4A0E-8988-D4853D5F3700}"
	ProjectSection(ProjectDependencies) = postProject
		{12E71088-01D7-4583-9655-0D8C8AAC56EF} = {12E71088-01D7-4583-9655-0D8C8AAC56EF}
	EndProjectSection
EndProject
Project("{9A19103F-16F7-4668-BE54-9A1E7A4F7556}") = "WordsAPI.Repository", "WordsAPI.Repository\WordsAPI.Repository.csproj", "{689644A5-6EE3-401C-8DD9-9F3BCE8082DC}"
	ProjectSection(ProjectDependencies) = postProject
		{12E71088-01D7-4583-9655-0D8C8AAC56EF} = {12E71088-01D7-4583-9655-0D8C8AAC56EF}
		{CF7D1276-0DB6-4A0E-8988-D4853D5F3700} = {CF7D1276-0DB6-4A0E-8988-D4853D5F3700}
	EndProjectSection
EndProject
Project("{9A19103F-16F7-4668-BE54-9A1E7A4F7556}") = "WordsAPI.Service", "WordsAPI.Service\WordsAPI.Service.csproj", "{0DB6EBAD-029C-4955-A0CA-71ADE14E4AAB}"
	ProjectSection(ProjectDependencies) = postProject
		{12E71088-01D7-4583-9655-0D8C8AAC56EF} = {12E71088-01D7-4583-9655-0D8C8AAC56EF}
		{689644A5-6EE3-401C-8DD9-9F3BCE8082DC} = {689644A5-6EE3-401C-8DD9-9F3BCE8082DC}
	EndProjectSection
EndProject
Project("{9A19103F-16F7-4668-BE54-9A1E7A4F7556}") = "WordsAPI.API", "WordsAPI.API\WordsAPI.API.csproj", "{6AB78ECC-712D-46A7-9B0C-151009CB07F4}"
	ProjectSection(ProjectDependencies) = postProject
		{12E71088-01D7-4583-9655-0D8C8AAC56EF} = {12E71088-01D7-4583-9655-0D8C8AAC56EF}
	EndProjectSection
EndProject
Project("{FAE04EC0-301F-11D3-BF4B-00C04F79EFBC}") = "SharedLibrary", "SharedLibrary\SharedLibrary.csproj", "{12E71088-01D7-4583-9655-0D8C8AAC56EF}"
EndProject
Global
	GlobalSection(SolutionConfigurationPlatforms) = preSolution
		Debug|Any CPU = Debug|Any CPU
		Release|Any CPU = Release|Any CPU
	EndGlobalSection
	GlobalSection(ProjectConfigurationPlatforms) = postSolution
		{CF7D1276-0DB6-4A0E-8988-D4853D5F3700}.Debug|Any CPU.ActiveCfg = Debug|Any CPU
		{CF7D1276-0DB6-4A0E-8988-D4853D5F3700}.Debug|Any CPU.Build.0 = Debug|Any CPU
		{CF7D1276-0DB6-4A0E-8988-D4853D5F3700}.Release|Any CPU.ActiveCfg = Release|Any CPU
		{CF7D1276-0DB6-4A0E-8988-D4853D5F3700}.Release|Any CPU.Build.0 = Release|Any CPU
		{689644A5-6EE3-401C-8DD9-9F3BCE8082DC}.Debug|Any CPU.ActiveCfg = Debug|Any CPU
		{689644A5-6EE3-401C-8DD9-9F3BCE8082DC}.Debug|Any CPU.Build.0 = Debug|Any CPU
		{689644A5-6EE3-401C-8DD9-9F3BCE8082DC}.Release|Any CPU.ActiveCfg = Release|Any CPU
		{689644A5-6EE3-401C-8DD9-9F3BCE8082DC}.Release|Any CPU.Build.0 = Release|Any CPU
		{0DB6EBAD-029C-4955-A0CA-71ADE14E4AAB}.Debug|Any CPU.ActiveCfg = Debug|Any CPU
		{0DB6EBAD-029C-4955-A0CA-71ADE14E4AAB}.Debug|Any CPU.Build.0 = Debug|Any CPU
		{0DB6EBAD-029C-4955-A0CA-71ADE14E4AAB}.Release|Any CPU.ActiveCfg = Release|Any CPU
		{0DB6EBAD-029C-4955-A0CA-71ADE14E4AAB}.Release|Any CPU.Build.0 = Release|Any CPU
		{6AB78ECC-712D-46A7-9B0C-151009CB07F4}.Debug|Any CPU.ActiveCfg = Debug|Any CPU
		{6AB78ECC-712D-46A7-9B0C-151009CB07F4}.Debug|Any CPU.Build.0 = Debug|Any CPU
		{6AB78ECC-712D-46A7-9B0C-151009CB07F4}.Release|Any CPU.ActiveCfg = Release|Any CPU
		{6AB78ECC-712D-46A7-9B0C-151009CB07F4}.Release|Any CPU.Build.0 = Release|Any CPU
		{12E71088-01D7-4583-9655-0D8C8AAC56EF}.Debug|Any CPU.ActiveCfg = Debug|Any CPU
		{12E71088-01D7-4583-9655-0D8C8AAC56EF}.Debug|Any CPU.Build.0 = Debug|Any CPU
		{12E71088-01D7-4583-9655-0D8C8AAC56EF}.Release|Any CPU.ActiveCfg = Release|Any CPU
		{12E71088-01D7-4583-9655-0D8C8AAC56EF}.Release|Any CPU.Build.0 = Release|Any CPU
	EndGlobalSection
	GlobalSection(SolutionProperties) = preSolution
		HideSolutionNode = FALSE
	EndGlobalSection
	GlobalSection(ExtensibilityGlobals) = postSolution
		SolutionGuid = {FD4A7889-72B4-4950-A5D6-931BF4DD3BE8}
	EndGlobalSection
EndGlobal
